
Microsoft Visual Studio Solution File, Format Version 12.00
# Visual Studio Version 16
VisualStudioVersion = 16.0.29020.237
MinimumVisualStudioVersion = 10.0.40219.1
Project("{9A19103F-16F7-4668-BE54-9A1E7A4F7556}") = "ArtManager", "Art Manager\ArtManager.csproj", "{AAC13B3B-E37A-434B-A71A-68C8834D397D}"
EndProject
Project("{2150E333-8FDC-42A3-9474-1A3956D46DE8}") = "Solution Items", "Solution Items", "{7B196F9C-63B0-4711-85F3-75C4B0592ADE}"
	ProjectSection(SolutionItems) = preProject
		.editorconfig = .editorconfig
		..\README.md = ..\README.md
	EndProjectSection
EndProject
Global
	GlobalSection(SolutionConfigurationPlatforms) = preSolution
		Debug|Any CPU = Debug|Any CPU
		Release|Any CPU = Release|Any CPU
	EndGlobalSection
	GlobalSection(ProjectConfigurationPlatforms) = postSolution
		{AAC13B3B-E37A-434B-A71A-68C8834D397D}.Debug|Any CPU.ActiveCfg = Debug|Any CPU
		{AAC13B3B-E37A-434B-A71A-68C8834D397D}.Debug|Any CPU.Build.0 = Debug|Any CPU
		{AAC13B3B-E37A-434B-A71A-68C8834D397D}.Release|Any CPU.ActiveCfg = Release|Any CPU
		{AAC13B3B-E37A-434B-A71A-68C8834D397D}.Release|Any CPU.Build.0 = Release|Any CPU
	EndGlobalSection
	GlobalSection(SolutionProperties) = preSolution
		HideSolutionNode = FALSE
	EndGlobalSection
	GlobalSection(ExtensibilityGlobals) = postSolution
		SolutionGuid = {B69AAC60-63C2-41A0-B565-CF840E0B6F94}
	EndGlobalSection
EndGlobal
