
Microsoft Visual Studio Solution File, Format Version 12.00
# Visual Studio Version 16
VisualStudioVersion = 16.0.29020.237
MinimumVisualStudioVersion = 10.0.40219.1
Project("{2150E333-8FDC-42A3-9474-1A3956D46DE8}") = "Solution Items", "Solution Items", "{7B196F9C-63B0-4711-85F3-75C4B0592ADE}"
	ProjectSection(SolutionItems) = preProject
		.editorconfig = .editorconfig
		ArtManager.sln.licenseheader = ArtManager.sln.licenseheader
		..\Platforms.md = ..\Platforms.md
		..\README.md = ..\README.md
		..\docs\Usage.md = ..\docs\Usage.md
	EndProjectSection
EndProject
Project("{9A19103F-16F7-4668-BE54-9A1E7A4F7556}") = "ArtManager.CLI", "ArtManager.CLI\ArtManager.CLI.csproj", "{BD362A20-1E1B-4821-BD60-38DEC809738B}"
EndProject
Project("{9A19103F-16F7-4668-BE54-9A1E7A4F7556}") = "ArtManager.Models", "ArtManager.Models\ArtManager.Models.csproj", "{5E7E5428-DC14-455A-8765-3F5E82D3A21B}"
EndProject
Project("{9A19103F-16F7-4668-BE54-9A1E7A4F7556}") = "ArtManager.Common", "ArtManager.Common\ArtManager.Common.csproj", "{8C558362-B276-472A-A4DC-162A077C8514}"
EndProject
Global
	GlobalSection(SolutionConfigurationPlatforms) = preSolution
		Debug|Any CPU = Debug|Any CPU
		Release|Any CPU = Release|Any CPU
	EndGlobalSection
	GlobalSection(ProjectConfigurationPlatforms) = postSolution
		{BD362A20-1E1B-4821-BD60-38DEC809738B}.Debug|Any CPU.ActiveCfg = Debug|Any CPU
		{BD362A20-1E1B-4821-BD60-38DEC809738B}.Debug|Any CPU.Build.0 = Debug|Any CPU
		{BD362A20-1E1B-4821-BD60-38DEC809738B}.Release|Any CPU.ActiveCfg = Release|Any CPU
		{BD362A20-1E1B-4821-BD60-38DEC809738B}.Release|Any CPU.Build.0 = Release|Any CPU
		{5E7E5428-DC14-455A-8765-3F5E82D3A21B}.Debug|Any CPU.ActiveCfg = Debug|Any CPU
		{5E7E5428-DC14-455A-8765-3F5E82D3A21B}.Debug|Any CPU.Build.0 = Debug|Any CPU
		{5E7E5428-DC14-455A-8765-3F5E82D3A21B}.Release|Any CPU.ActiveCfg = Release|Any CPU
		{5E7E5428-DC14-455A-8765-3F5E82D3A21B}.Release|Any CPU.Build.0 = Release|Any CPU
		{8C558362-B276-472A-A4DC-162A077C8514}.Debug|Any CPU.ActiveCfg = Debug|Any CPU
		{8C558362-B276-472A-A4DC-162A077C8514}.Debug|Any CPU.Build.0 = Debug|Any CPU
		{8C558362-B276-472A-A4DC-162A077C8514}.Release|Any CPU.ActiveCfg = Release|Any CPU
		{8C558362-B276-472A-A4DC-162A077C8514}.Release|Any CPU.Build.0 = Release|Any CPU
	EndGlobalSection
	GlobalSection(SolutionProperties) = preSolution
		HideSolutionNode = FALSE
	EndGlobalSection
	GlobalSection(ExtensibilityGlobals) = postSolution
		SolutionGuid = {B69AAC60-63C2-41A0-B565-CF840E0B6F94}
	EndGlobalSection
EndGlobal
